{
  "name": "docviewkit-omni-for-browser",
  "version": "0.1.12",
  "lockfileVersion": 3,
  "requires": true,
  "packages": {
    "": {
      "name": "docviewkit-omni-for-browser",
      "version": "0.1.12",
      "dependencies": {
        "@docviewkit/viewer": "0.2.59"
      },
      "engines": {
        "node": ">=20"
      }
    },
    "node_modules/@docviewkit/viewer": {
      "version": "0.2.59",
      "resolved": "https://registry.npmjs.org/@docviewkit/viewer/-/viewer-0.2.59.tgz",
      "integrity": "sha512-C1066ZIYSDYK/90eU/ErxRFgOhOAf5daYtPUCvi8yc04ohcxOusNnU62aFGLwQdXvPiQ+kk0cdDI6B7TtytxAA==",
      "license": "SEE LICENSE IN FREE_VIEWER_LICENSE.md",
      "engines": {
        "node": ">=20"
      }
    }
  }
}
