{
  "name": "docviewkit-omni-for-browser",
  "version": "0.1.20",
  "lockfileVersion": 3,
  "requires": true,
  "packages": {
    "": {
      "name": "docviewkit-omni-for-browser",
      "version": "0.1.20",
      "dependencies": {
        "@docviewkit/viewer": "0.2.74"
      },
      "engines": {
        "node": ">=20"
      }
    },
    "node_modules/@docviewkit/viewer": {
      "version": "0.2.74",
      "resolved": "https://registry.npmjs.org/@docviewkit/viewer/-/viewer-0.2.74.tgz",
      "integrity": "sha512-ZXSmyYfJWmeWSREFie7OTTPsqxAbqpFRqrgS3/y6c8G3vuXUVR9VBYzeLkZv573O9xWblBf7sfF3YuWu2RNjdg==",
      "license": "SEE LICENSE IN FREE_VIEWER_LICENSE.md",
      "engines": {
        "node": ">=20"
      }
    }
  }
}
