{
  "name": "docviewkit-omni-for-browser",
  "version": "0.1.14",
  "lockfileVersion": 3,
  "requires": true,
  "packages": {
    "": {
      "name": "docviewkit-omni-for-browser",
      "version": "0.1.14",
      "dependencies": {
        "@docviewkit/viewer": "0.2.61"
      },
      "engines": {
        "node": ">=20"
      }
    },
    "node_modules/@docviewkit/viewer": {
      "version": "0.2.61",
      "resolved": "https://registry.npmjs.org/@docviewkit/viewer/-/viewer-0.2.61.tgz",
      "integrity": "sha512-1wR9cEtxGFZXMnM5JSjkH8O/b+r+8V1vbcBuL9oEeZBUYmnkDW2aSFDf/MQCeOI7XOyIp6HTK6mveebCgRm9Ew==",
      "license": "SEE LICENSE IN FREE_VIEWER_LICENSE.md",
      "engines": {
        "node": ">=20"
      }
    }
  }
}
